
Microsoft Visual Studio Solution File, Format Version 12.00
# Visual Studio 15
VisualStudioVersion = 15.0.27703.2018
MinimumVisualStudioVersion = 10.0.40219.1
Project("{FAE04EC0-301F-11D3-BF4B-00C04F79EFBC}") = "2019_Level2_Dodge", "2019_Level2_Dodge\2019_Level2_Dodge.csproj", "{FDD17796-E7FB-4990-B6F8-F1109620A408}"
EndProject
Global
	GlobalSection(SolutionConfigurationPlatforms) = preSolution
		Debug|Any CPU = Debug|Any CPU
		Release|Any CPU = Release|Any CPU
	EndGlobalSection
	GlobalSection(ProjectConfigurationPlatforms) = postSolution
		{FDD17796-E7FB-4990-B6F8-F1109620A408}.Debug|Any CPU.ActiveCfg = Debug|Any CPU
		{FDD17796-E7FB-4990-B6F8-F1109620A408}.Debug|Any CPU.Build.0 = Debug|Any CPU
		{FDD17796-E7FB-4990-B6F8-F1109620A408}.Release|Any CPU.ActiveCfg = Release|Any CPU
		{FDD17796-E7FB-4990-B6F8-F1109620A408}.Release|Any CPU.Build.0 = Release|Any CPU
	EndGlobalSection
	GlobalSection(SolutionProperties) = preSolution
		HideSolutionNode = FALSE
	EndGlobalSection
	GlobalSection(ExtensibilityGlobals) = postSolution
		SolutionGuid = {8B679A3C-B62D-4492-8C95-581424B3E8B5}
	EndGlobalSection
EndGlobal
